// !$*UTF8*$!
{
	archiveVersion = 1;
	classes = {
	};
	objectVersion = 56;
	objects = {

/* Begin PBXBuildFile section */
		27D8DF7B29DE503C00F50BEC /* Collections in Frameworks */ = {isa = PBXBuildFile; productRef = 27D8DF7A29DE503C00F50BEC /* Collections */; };
		27D8DF7D29DE503C00F50BEC /* DequeModule in Frameworks */ = {isa = PBXBuildFile; productRef = 27D8DF7C29DE503C00F50BEC /* DequeModule */; };
		27D8DF7F29DE503C00F50BEC /* OrderedCollections in Frameworks */ = {isa = PBXBuildFile; productRef = 27D8DF7E29DE503C00F50BEC /* OrderedCollections */; };
/* End PBXBuildFile section */

/* Begin PBXCopyFilesBuildPhase section */
		272F85BC29D66F5E00F209BD /* CopyFiles */ = {
			isa = PBXCopyFilesBuildPhase;
			buildActionMask = 2147483647;
			dstPath = /usr/share/man/man1/;
			dstSubfolderSpec = 0;
			files = (
			);
			runOnlyForDeploymentPostprocessing = 1;
		};
/* End PBXCopyFilesBuildPhase section */

/* Begin PBXFileReference section */
		2710B0B829F74F7B00707D4B /* 1.swift */ = {isa = PBXFileReference; lastKnownFileType = sourcecode.swift; path = 1.swift; sourceTree = "<group>"; };
		2710B0BA29F7526700707D4B /* 88.swift */ = {isa = PBXFileReference; lastKnownFileType = sourcecode.swift; path = 88.swift; sourceTree = "<group>"; };
		2710B0BC29F89D1400707D4B /* 350.swift */ = {isa = PBXFileReference; lastKnownFileType = sourcecode.swift; path = 350.swift; sourceTree = "<group>"; };
		2710B0BE29F8A5F900707D4B /* 121-2.swift */ = {isa = PBXFileReference; lastKnownFileType = sourcecode.swift; path = "121-2.swift"; sourceTree = "<group>"; };
		2710B0C029F8A7FB00707D4B /* 566.swift */ = {isa = PBXFileReference; lastKnownFileType = sourcecode.swift; path = 566.swift; sourceTree = "<group>"; };
		2710B0C229F8AB5C00707D4B /* 118.swift */ = {isa = PBXFileReference; lastKnownFileType = sourcecode.swift; path = 118.swift; sourceTree = "<group>"; };
		272F85BE29D66F5E00F209BD /* swift-leetcode */ = {isa = PBXFileReference; explicitFileType = "compiled.mach-o.executable"; includeInIndex = 0; path = "swift-leetcode"; sourceTree = BUILT_PRODUCTS_DIR; };
		272F85C129D66F5E00F209BD /* 205.swift */ = {isa = PBXFileReference; lastKnownFileType = sourcecode.swift; path = 205.swift; sourceTree = "<group>"; };
		272F85C829D6737C00F209BD /* 392.swift */ = {isa = PBXFileReference; lastKnownFileType = sourcecode.swift; path = 392.swift; sourceTree = "<group>"; };
		2755DCAA29D926150084021E /* 21.swift */ = {isa = PBXFileReference; lastKnownFileType = sourcecode.swift; path = 21.swift; sourceTree = "<group>"; };
		276A2A4B29FDF2BA00C9E7BB /* 200.swift */ = {isa = PBXFileReference; lastKnownFileType = sourcecode.swift; path = 200.swift; sourceTree = "<group>"; };
		2785449329DB9847004BA864 /* 876.swift */ = {isa = PBXFileReference; lastKnownFileType = sourcecode.swift; path = 876.swift; sourceTree = "<group>"; };
		2785449529DB9C41004BA864 /* 142.swift */ = {isa = PBXFileReference; lastKnownFileType = sourcecode.swift; path = 142.swift; sourceTree = "<group>"; };
		2791EF7E29DA5BFB00EA964B /* 206.swift */ = {isa = PBXFileReference; lastKnownFileType = sourcecode.swift; path = 206.swift; sourceTree = "<group>"; };
		27D015BA29FCCA2E0062580F /* 74.swift */ = {isa = PBXFileReference; lastKnownFileType = sourcecode.swift; path = 74.swift; sourceTree = "<group>"; };
		27D015BC29FCD0710062580F /* 387.swift */ = {isa = PBXFileReference; lastKnownFileType = sourcecode.swift; path = 387.swift; sourceTree = "<group>"; };
		27D015BE29FCD33B0062580F /* 383.swift */ = {isa = PBXFileReference; lastKnownFileType = sourcecode.swift; path = 383.swift; sourceTree = "<group>"; };
		27D015C029FCD5640062580F /* 242.swift */ = {isa = PBXFileReference; lastKnownFileType = sourcecode.swift; path = 242.swift; sourceTree = "<group>"; };
		27D015C229FCD75C0062580F /* 141.swift */ = {isa = PBXFileReference; lastKnownFileType = sourcecode.swift; path = 141.swift; sourceTree = "<group>"; };
		27D015C429FCDAE20062580F /* 21-2.swift */ = {isa = PBXFileReference; lastKnownFileType = sourcecode.swift; path = "21-2.swift"; sourceTree = "<group>"; };
		27D015C729FCEB000062580F /* 203.swift */ = {isa = PBXFileReference; lastKnownFileType = sourcecode.swift; path = 203.swift; sourceTree = "<group>"; };
		27D8DF7329DCEC6000F50BEC /* 121.swift */ = {isa = PBXFileReference; lastKnownFileType = sourcecode.swift; path = 121.swift; sourceTree = "<group>"; };
		27D8DF7529DCEF2B00F50BEC /* 409.swift */ = {isa = PBXFileReference; lastKnownFileType = sourcecode.swift; path = 409.swift; sourceTree = "<group>"; };
		27D8DF7729DE433500F50BEC /* 589.swift */ = {isa = PBXFileReference; lastKnownFileType = sourcecode.swift; path = 589.swift; sourceTree = "<group>"; };
		27D8DF8029DE51E300F50BEC /* 102.swift */ = {isa = PBXFileReference; lastKnownFileType = sourcecode.swift; path = 102.swift; sourceTree = "<group>"; };
		27D8DF8629DF9F5400F50BEC /* 704.swift */ = {isa = PBXFileReference; lastKnownFileType = sourcecode.swift; path = 704.swift; sourceTree = "<group>"; };
		27D8DF9A29E3891900F50BEC /* 278.swift */ = {isa = PBXFileReference; lastKnownFileType = sourcecode.swift; path = 278.swift; sourceTree = "<group>"; };
		27D8DFBD29E4D6C700F50BEC /* 98.swift */ = {isa = PBXFileReference; lastKnownFileType = sourcecode.swift; path = 98.swift; sourceTree = "<group>"; };
		27D8DFC129E6334200F50BEC /* 235.swift */ = {isa = PBXFileReference; lastKnownFileType = sourcecode.swift; path = 235.swift; sourceTree = "<group>"; };
		27DBF08B2A00998500D287DF /* 206-2.swift */ = {isa = PBXFileReference; lastKnownFileType = sourcecode.swift; path = "206-2.swift"; sourceTree = "<group>"; };
		27DBF08D2A009ADC00D287DF /* 83.swift */ = {isa = PBXFileReference; lastKnownFileType = sourcecode.swift; path = 83.swift; sourceTree = "<group>"; };
		27DBF08F2A009C2F00D287DF /* 20.swift */ = {isa = PBXFileReference; lastKnownFileType = sourcecode.swift; path = 20.swift; sourceTree = "<group>"; };
		27DBF0912A00A02700D287DF /* 232.swift */ = {isa = PBXFileReference; lastKnownFileType = sourcecode.swift; path = 232.swift; sourceTree = "<group>"; };
		27DBF0932A00B01B00D287DF /* 144.swift */ = {isa = PBXFileReference; lastKnownFileType = sourcecode.swift; path = 144.swift; sourceTree = "<group>"; };
		27DBF0952A00B4D400D287DF /* 94-for-kin.swift */ = {isa = PBXFileReference; lastKnownFileType = sourcecode.swift; path = "94-for-kin.swift"; sourceTree = "<group>"; };
		27ED107129F36D66007E7026 /* 3.swift */ = {isa = PBXFileReference; lastKnownFileType = sourcecode.swift; path = 3.swift; sourceTree = "<group>"; };
		27ED107D29F4C255007E7026 /* 217.swift */ = {isa = PBXFileReference; lastKnownFileType = sourcecode.swift; path = 217.swift; sourceTree = "<group>"; };
		27ED107F29F4C43D007E7026 /* 53.swift */ = {isa = PBXFileReference; lastKnownFileType = sourcecode.swift; path = 53.swift; sourceTree = "<group>"; };
		27FD9B9829F9F41A00AABB92 /* 36.swift */ = {isa = PBXFileReference; lastKnownFileType = sourcecode.swift; path = 36.swift; sourceTree = "<group>"; };
/* End PBXFileReference section */

/* Begin PBXFrameworksBuildPhase section */
		272F85BB29D66F5E00F209BD /* Frameworks */ = {
			isa = PBXFrameworksBuildPhase;
			buildActionMask = 2147483647;
			files = (
				27D8DF7B29DE503C00F50BEC /* Collections in Frameworks */,
				27D8DF7D29DE503C00F50BEC /* DequeModule in Frameworks */,
				27D8DF7F29DE503C00F50BEC /* OrderedCollections in Frameworks */,
			);
			runOnlyForDeploymentPostprocessing = 0;
		};
/* End PBXFrameworksBuildPhase section */

/* Begin PBXGroup section */
		272F85B529D66F5E00F209BD = {
			isa = PBXGroup;
			children = (
				272F85C029D66F5E00F209BD /* swift-leetcode */,
				272F85BF29D66F5E00F209BD /* Products */,
			);
			sourceTree = "<group>";
		};
		272F85BF29D66F5E00F209BD /* Products */ = {
			isa = PBXGroup;
			children = (
				272F85BE29D66F5E00F209BD /* swift-leetcode */,
			);
			name = Products;
			sourceTree = "<group>";
		};
		272F85C029D66F5E00F209BD /* swift-leetcode */ = {
			isa = PBXGroup;
			children = (
				2710B0B829F74F7B00707D4B /* 1.swift */,
				27ED107129F36D66007E7026 /* 3.swift */,
				27DBF08F2A009C2F00D287DF /* 20.swift */,
				27D015C429FCDAE20062580F /* 21-2.swift */,
				2755DCAA29D926150084021E /* 21.swift */,
				27FD9B9829F9F41A00AABB92 /* 36.swift */,
				27ED107F29F4C43D007E7026 /* 53.swift */,
				27D015BA29FCCA2E0062580F /* 74.swift */,
				27DBF08D2A009ADC00D287DF /* 83.swift */,
				2710B0BA29F7526700707D4B /* 88.swift */,
				27DBF0952A00B4D400D287DF /* 94-for-kin.swift */,
				27D8DFBD29E4D6C700F50BEC /* 98.swift */,
				27D8DF8029DE51E300F50BEC /* 102.swift */,
				2710B0C229F8AB5C00707D4B /* 118.swift */,
				2710B0BE29F8A5F900707D4B /* 121-2.swift */,
				27D8DF7329DCEC6000F50BEC /* 121.swift */,
				27D015C229FCD75C0062580F /* 141.swift */,
				2785449529DB9C41004BA864 /* 142.swift */,
				27DBF0932A00B01B00D287DF /* 144.swift */,
				276A2A4B29FDF2BA00C9E7BB /* 200.swift */,
				27D015C729FCEB000062580F /* 203.swift */,
				272F85C129D66F5E00F209BD /* 205.swift */,
				27DBF08B2A00998500D287DF /* 206-2.swift */,
				2791EF7E29DA5BFB00EA964B /* 206.swift */,
				27ED107D29F4C255007E7026 /* 217.swift */,
				27DBF0912A00A02700D287DF /* 232.swift */,
				27D8DFC129E6334200F50BEC /* 235.swift */,
				27D015C029FCD5640062580F /* 242.swift */,
				27D8DF9A29E3891900F50BEC /* 278.swift */,
				2710B0BC29F89D1400707D4B /* 350.swift */,
				27D015BE29FCD33B0062580F /* 383.swift */,
				27D015BC29FCD0710062580F /* 387.swift */,
				272F85C829D6737C00F209BD /* 392.swift */,
				27D8DF7529DCEF2B00F50BEC /* 409.swift */,
				2710B0C029F8A7FB00707D4B /* 566.swift */,
				27D8DF7729DE433500F50BEC /* 589.swift */,
				27D8DF8629DF9F5400F50BEC /* 704.swift */,
				2785449329DB9847004BA864 /* 876.swift */,
			);
			path = "swift-leetcode";
			sourceTree = "<group>";
		};
/* End PBXGroup section */

/* Begin PBXNativeTarget section */
		272F85BD29D66F5E00F209BD /* swift-leetcode */ = {
			isa = PBXNativeTarget;
			buildConfigurationList = 272F85C529D66F5E00F209BD /* Build configuration list for PBXNativeTarget "swift-leetcode" */;
			buildPhases = (
				272F85BA29D66F5E00F209BD /* Sources */,
				272F85BB29D66F5E00F209BD /* Frameworks */,
				272F85BC29D66F5E00F209BD /* CopyFiles */,
			);
			buildRules = (
			);
			dependencies = (
			);
			name = "swift-leetcode";
			packageProductDependencies = (
				27D8DF7A29DE503C00F50BEC /* Collections */,
				27D8DF7C29DE503C00F50BEC /* DequeModule */,
				27D8DF7E29DE503C00F50BEC /* OrderedCollections */,
			);
			productName = leetcode_playground;
			productReference = 272F85BE29D66F5E00F209BD /* swift-leetcode */;
			productType = "com.apple.product-type.tool";
		};
/* End PBXNativeTarget section */

/* Begin PBXProject section */
		272F85B629D66F5E00F209BD /* Project object */ = {
			isa = PBXProject;
			attributes = {
				BuildIndependentTargetsInParallel = 1;
				LastSwiftUpdateCheck = 1420;
				LastUpgradeCheck = 1430;
				TargetAttributes = {
					272F85BD29D66F5E00F209BD = {
						CreatedOnToolsVersion = 14.2;
						LastSwiftMigration = 1430;
					};
				};
			};
			buildConfigurationList = 272F85B929D66F5E00F209BD /* Build configuration list for PBXProject "swift-leetcode" */;
			compatibilityVersion = "Xcode 14.0";
			developmentRegion = en;
			hasScannedForEncodings = 0;
			knownRegions = (
				en,
				Base,
			);
			mainGroup = 272F85B529D66F5E00F209BD;
			packageReferences = (
				27D8DF7929DE503C00F50BEC /* XCRemoteSwiftPackageReference "swift-collections" */,
			);
			productRefGroup = 272F85BF29D66F5E00F209BD /* Products */;
			projectDirPath = "";
			projectRoot = "";
			targets = (
				272F85BD29D66F5E00F209BD /* swift-leetcode */,
			);
		};
/* End PBXProject section */

/* Begin PBXSourcesBuildPhase section */
		272F85BA29D66F5E00F209BD /* Sources */ = {
			isa = PBXSourcesBuildPhase;
			buildActionMask = 2147483647;
			files = (
			);
			runOnlyForDeploymentPostprocessing = 0;
		};
/* End PBXSourcesBuildPhase section */

/* Begin XCBuildConfiguration section */
		272F85C329D66F5E00F209BD /* Debug */ = {
			isa = XCBuildConfiguration;
			buildSettings = {
				ALWAYS_SEARCH_USER_PATHS = NO;
				CLANG_ANALYZER_NONNULL = YES;
				CLANG_ANALYZER_NUMBER_OBJECT_CONVERSION = YES_AGGRESSIVE;
				CLANG_CXX_LANGUAGE_STANDARD = "gnu++20";
				CLANG_ENABLE_MODULES = YES;
				CLANG_ENABLE_OBJC_ARC = YES;
				CLANG_ENABLE_OBJC_WEAK = YES;
				CLANG_WARN_BLOCK_CAPTURE_AUTORELEASING = YES;
				CLANG_WARN_BOOL_CONVERSION = YES;
				CLANG_WARN_COMMA = YES;
				CLANG_WARN_CONSTANT_CONVERSION = YES;
				CLANG_WARN_DEPRECATED_OBJC_IMPLEMENTATIONS = YES;
				CLANG_WARN_DIRECT_OBJC_ISA_USAGE = YES_ERROR;
				CLANG_WARN_DOCUMENTATION_COMMENTS = YES;
				CLANG_WARN_EMPTY_BODY = YES;
				CLANG_WARN_ENUM_CONVERSION = YES;
				CLANG_WARN_INFINITE_RECURSION = YES;
				CLANG_WARN_INT_CONVERSION = YES;
				CLANG_WARN_NON_LITERAL_NULL_CONVERSION = YES;
				CLANG_WARN_OBJC_IMPLICIT_RETAIN_SELF = YES;
				CLANG_WARN_OBJC_LITERAL_CONVERSION = YES;
				CLANG_WARN_OBJC_ROOT_CLASS = YES_ERROR;
				CLANG_WARN_QUOTED_INCLUDE_IN_FRAMEWORK_HEADER = YES;
				CLANG_WARN_RANGE_LOOP_ANALYSIS = YES;
				CLANG_WARN_STRICT_PROTOTYPES = YES;
				CLANG_WARN_SUSPICIOUS_MOVE = YES;
				CLANG_WARN_UNGUARDED_AVAILABILITY = YES_AGGRESSIVE;
				CLANG_WARN_UNREACHABLE_CODE = YES;
				CLANG_WARN__DUPLICATE_METHOD_MATCH = YES;
				COPY_PHASE_STRIP = NO;
				DEAD_CODE_STRIPPING = YES;
				DEBUG_INFORMATION_FORMAT = dwarf;
				ENABLE_STRICT_OBJC_MSGSEND = YES;
				ENABLE_TESTABILITY = YES;
				GCC_C_LANGUAGE_STANDARD = gnu11;
				GCC_DYNAMIC_NO_PIC = NO;
				GCC_NO_COMMON_BLOCKS = YES;
				GCC_OPTIMIZATION_LEVEL = 0;
				GCC_PREPROCESSOR_DEFINITIONS = (
					"DEBUG=1",
					"$(inherited)",
				);
				GCC_WARN_64_TO_32_BIT_CONVERSION = YES;
				GCC_WARN_ABOUT_RETURN_TYPE = YES_ERROR;
				GCC_WARN_UNDECLARED_SELECTOR = YES;
				GCC_WARN_UNINITIALIZED_AUTOS = YES_AGGRESSIVE;
				GCC_WARN_UNUSED_FUNCTION = YES;
				GCC_WARN_UNUSED_VARIABLE = YES;
				MACOSX_DEPLOYMENT_TARGET = 13.1;
				MTL_ENABLE_DEBUG_INFO = INCLUDE_SOURCE;
				MTL_FAST_MATH = YES;
				ONLY_ACTIVE_ARCH = YES;
				SDKROOT = macosx;
				SWIFT_ACTIVE_COMPILATION_CONDITIONS = DEBUG;
				SWIFT_OPTIMIZATION_LEVEL = "-Onone";
			};
			name = Debug;
		};
		272F85C429D66F5E00F209BD /* Release */ = {
			isa = XCBuildConfiguration;
			buildSettings = {
				ALWAYS_SEARCH_USER_PATHS = NO;
				CLANG_ANALYZER_NONNULL = YES;
				CLANG_ANALYZER_NUMBER_OBJECT_CONVERSION = YES_AGGRESSIVE;
				CLANG_CXX_LANGUAGE_STANDARD = "gnu++20";
				CLANG_ENABLE_MODULES = YES;
				CLANG_ENABLE_OBJC_ARC = YES;
				CLANG_ENABLE_OBJC_WEAK = YES;
				CLANG_WARN_BLOCK_CAPTURE_AUTORELEASING = YES;
				CLANG_WARN_BOOL_CONVERSION = YES;
				CLANG_WARN_COMMA = YES;
				CLANG_WARN_CONSTANT_CONVERSION = YES;
				CLANG_WARN_DEPRECATED_OBJC_IMPLEMENTATIONS = YES;
				CLANG_WARN_DIRECT_OBJC_ISA_USAGE = YES_ERROR;
				CLANG_WARN_DOCUMENTATION_COMMENTS = YES;
				CLANG_WARN_EMPTY_BODY = YES;
				CLANG_WARN_ENUM_CONVERSION = YES;
				CLANG_WARN_INFINITE_RECURSION = YES;
				CLANG_WARN_INT_CONVERSION = YES;
				CLANG_WARN_NON_LITERAL_NULL_CONVERSION = YES;
				CLANG_WARN_OBJC_IMPLICIT_RETAIN_SELF = YES;
				CLANG_WARN_OBJC_LITERAL_CONVERSION = YES;
				CLANG_WARN_OBJC_ROOT_CLASS = YES_ERROR;
				CLANG_WARN_QUOTED_INCLUDE_IN_FRAMEWORK_HEADER = YES;
				CLANG_WARN_RANGE_LOOP_ANALYSIS = YES;
				CLANG_WARN_STRICT_PROTOTYPES = YES;
				CLANG_WARN_SUSPICIOUS_MOVE = YES;
				CLANG_WARN_UNGUARDED_AVAILABILITY = YES_AGGRESSIVE;
				CLANG_WARN_UNREACHABLE_CODE = YES;
				CLANG_WARN__DUPLICATE_METHOD_MATCH = YES;
				COPY_PHASE_STRIP = NO;
				DEAD_CODE_STRIPPING = YES;
				DEBUG_INFORMATION_FORMAT = "dwarf-with-dsym";
				ENABLE_NS_ASSERTIONS = NO;
				ENABLE_STRICT_OBJC_MSGSEND = YES;
				GCC_C_LANGUAGE_STANDARD = gnu11;
				GCC_NO_COMMON_BLOCKS = YES;
				GCC_WARN_64_TO_32_BIT_CONVERSION = YES;
				GCC_WARN_ABOUT_RETURN_TYPE = YES_ERROR;
				GCC_WARN_UNDECLARED_SELECTOR = YES;
				GCC_WARN_UNINITIALIZED_AUTOS = YES_AGGRESSIVE;
				GCC_WARN_UNUSED_FUNCTION = YES;
				GCC_WARN_UNUSED_VARIABLE = YES;
				MACOSX_DEPLOYMENT_TARGET = 13.1;
				MTL_ENABLE_DEBUG_INFO = NO;
				MTL_FAST_MATH = YES;
				SDKROOT = macosx;
				SWIFT_COMPILATION_MODE = wholemodule;
				SWIFT_OPTIMIZATION_LEVEL = "-O";
			};
			name = Release;
		};
		272F85C629D66F5E00F209BD /* Debug */ = {
			isa = XCBuildConfiguration;
			buildSettings = {
				CLANG_ENABLE_MODULES = YES;
				CODE_SIGN_STYLE = Automatic;
				DEAD_CODE_STRIPPING = YES;
				DEVELOPMENT_TEAM = LXLUFTR6K8;
				ENABLE_HARDENED_RUNTIME = YES;
				PRODUCT_NAME = "$(TARGET_NAME)";
				SWIFT_OPTIMIZATION_LEVEL = "-Onone";
				SWIFT_VERSION = 5.0;
			};
			name = Debug;
		};
		272F85C729D66F5E00F209BD /* Release */ = {
			isa = XCBuildConfiguration;
			buildSettings = {
				CLANG_ENABLE_MODULES = YES;
				CODE_SIGN_STYLE = Automatic;
				DEAD_CODE_STRIPPING = YES;
				DEVELOPMENT_TEAM = LXLUFTR6K8;
				ENABLE_HARDENED_RUNTIME = YES;
				PRODUCT_NAME = "$(TARGET_NAME)";
				SWIFT_VERSION = 5.0;
			};
			name = Release;
		};
/* End XCBuildConfiguration section */

/* Begin XCConfigurationList section */
		272F85B929D66F5E00F209BD /* Build configuration list for PBXProject "swift-leetcode" */ = {
			isa = XCConfigurationList;
			buildConfigurations = (
				272F85C329D66F5E00F209BD /* Debug */,
				272F85C429D66F5E00F209BD /* Release */,
			);
			defaultConfigurationIsVisible = 0;
			defaultConfigurationName = Release;
		};
		272F85C529D66F5E00F209BD /* Build configuration list for PBXNativeTarget "swift-leetcode" */ = {
			isa = XCConfigurationList;
			buildConfigurations = (
				272F85C629D66F5E00F209BD /* Debug */,
				272F85C729D66F5E00F209BD /* Release */,
			);
			defaultConfigurationIsVisible = 0;
			defaultConfigurationName = Release;
		};
/* End XCConfigurationList section */

/* Begin XCRemoteSwiftPackageReference section */
		27D8DF7929DE503C00F50BEC /* XCRemoteSwiftPackageReference "swift-collections" */ = {
			isa = XCRemoteSwiftPackageReference;
			repositoryURL = "https://github.com/apple/swift-collections.git";
			requirement = {
				kind = upToNextMajorVersion;
				minimumVersion = 1.0.0;
			};
		};
/* End XCRemoteSwiftPackageReference section */

/* Begin XCSwiftPackageProductDependency section */
		27D8DF7A29DE503C00F50BEC /* Collections */ = {
			isa = XCSwiftPackageProductDependency;
			package = 27D8DF7929DE503C00F50BEC /* XCRemoteSwiftPackageReference "swift-collections" */;
			productName = Collections;
		};
		27D8DF7C29DE503C00F50BEC /* DequeModule */ = {
			isa = XCSwiftPackageProductDependency;
			package = 27D8DF7929DE503C00F50BEC /* XCRemoteSwiftPackageReference "swift-collections" */;
			productName = DequeModule;
		};
		27D8DF7E29DE503C00F50BEC /* OrderedCollections */ = {
			isa = XCSwiftPackageProductDependency;
			package = 27D8DF7929DE503C00F50BEC /* XCRemoteSwiftPackageReference "swift-collections" */;
			productName = OrderedCollections;
		};
/* End XCSwiftPackageProductDependency section */
	};
	rootObject = 272F85B629D66F5E00F209BD /* Project object */;
}
